
Microsoft Visual Studio Solution File, Format Version 11.00
# Visual C# Express 2010
Project("{FAE04EC0-301F-11D3-BF4B-00C04F79EFBC}") = "Convert", "Convert\Convert.csproj", "{5BD42656-9BCF-4C55-8272-A5D3507EFDF3}"
EndProject
Project("{FAE04EC0-301F-11D3-BF4B-00C04F79EFBC}") = "FlatMap", "FlatMap\FlatMap.csproj", "{EDA894F2-00AF-456B-9D07-591ED61A9AE7}"
EndProject
Project("{FAE04EC0-301F-11D3-BF4B-00C04F79EFBC}") = "BlockReplace", "BlockReplace\BlockReplace.csproj", "{6D24D262-34D3-43A6-B066-1312A0C72B16}"
EndProject
Project("{FAE04EC0-301F-11D3-BF4B-00C04F79EFBC}") = "GiveItem", "GiveItem\GiveItem.csproj", "{426B01F4-B0C0-488E-8A5A-5531C8DFA98C}"
EndProject
Project("{FAE04EC0-301F-11D3-BF4B-00C04F79EFBC}") = "MoveSpawn", "MoveSpawn\MoveSpawn.csproj", "{15C04C0C-FD50-47E9-B62C-AA0A814189ED}"
EndProject
Project("{FAE04EC0-301F-11D3-BF4B-00C04F79EFBC}") = "Skyscraper", "Skyscraper\Skyscraper.csproj", "{83F55F54-7253-4B4D-BC37-E9D1CB63E0B8}"
EndProject
Project("{FAE04EC0-301F-11D3-BF4B-00C04F79EFBC}") = "Relight", "Relight\Relight.csproj", "{EBDD447B-01FA-4A29-B4AB-380EC4379B5F}"
EndProject
Project("{FAE04EC0-301F-11D3-BF4B-00C04F79EFBC}") = "Maze", "Maze\Maze.csproj", "{62D70576-FE3A-4530-B283-889C14B52E9E}"
EndProject
Project("{FAE04EC0-301F-11D3-BF4B-00C04F79EFBC}") = "PurgeEntities", "PurgeEntities\PurgeEntities.csproj", "{A64F274A-D5B7-45C2-92BA-4C9A64863DDC}"
EndProject
Global
	GlobalSection(SolutionConfigurationPlatforms) = preSolution
		Debug|Any CPU = Debug|Any CPU
		Release|Any CPU = Release|Any CPU
	EndGlobalSection
	GlobalSection(ProjectConfigurationPlatforms) = postSolution
		{5BD42656-9BCF-4C55-8272-A5D3507EFDF3}.Debug|Any CPU.ActiveCfg = Debug|Any CPU
		{5BD42656-9BCF-4C55-8272-A5D3507EFDF3}.Debug|Any CPU.Build.0 = Debug|Any CPU
		{5BD42656-9BCF-4C55-8272-A5D3507EFDF3}.Release|Any CPU.ActiveCfg = Release|Any CPU
		{5BD42656-9BCF-4C55-8272-A5D3507EFDF3}.Release|Any CPU.Build.0 = Release|Any CPU
		{EDA894F2-00AF-456B-9D07-591ED61A9AE7}.Debug|Any CPU.ActiveCfg = Debug|Any CPU
		{EDA894F2-00AF-456B-9D07-591ED61A9AE7}.Debug|Any CPU.Build.0 = Debug|Any CPU
		{EDA894F2-00AF-456B-9D07-591ED61A9AE7}.Release|Any CPU.ActiveCfg = Release|Any CPU
		{EDA894F2-00AF-456B-9D07-591ED61A9AE7}.Release|Any CPU.Build.0 = Release|Any CPU
		{6D24D262-34D3-43A6-B066-1312A0C72B16}.Debug|Any CPU.ActiveCfg = Debug|Any CPU
		{6D24D262-34D3-43A6-B066-1312A0C72B16}.Debug|Any CPU.Build.0 = Debug|Any CPU
		{6D24D262-34D3-43A6-B066-1312A0C72B16}.Release|Any CPU.ActiveCfg = Release|Any CPU
		{6D24D262-34D3-43A6-B066-1312A0C72B16}.Release|Any CPU.Build.0 = Release|Any CPU
		{426B01F4-B0C0-488E-8A5A-5531C8DFA98C}.Debug|Any CPU.ActiveCfg = Debug|Any CPU
		{426B01F4-B0C0-488E-8A5A-5531C8DFA98C}.Debug|Any CPU.Build.0 = Debug|Any CPU
		{426B01F4-B0C0-488E-8A5A-5531C8DFA98C}.Release|Any CPU.ActiveCfg = Release|Any CPU
		{426B01F4-B0C0-488E-8A5A-5531C8DFA98C}.Release|Any CPU.Build.0 = Release|Any CPU
		{15C04C0C-FD50-47E9-B62C-AA0A814189ED}.Debug|Any CPU.ActiveCfg = Debug|Any CPU
		{15C04C0C-FD50-47E9-B62C-AA0A814189ED}.Debug|Any CPU.Build.0 = Debug|Any CPU
		{15C04C0C-FD50-47E9-B62C-AA0A814189ED}.Release|Any CPU.ActiveCfg = Release|Any CPU
		{15C04C0C-FD50-47E9-B62C-AA0A814189ED}.Release|Any CPU.Build.0 = Release|Any CPU
		{83F55F54-7253-4B4D-BC37-E9D1CB63E0B8}.Debug|Any CPU.ActiveCfg = Debug|Any CPU
		{83F55F54-7253-4B4D-BC37-E9D1CB63E0B8}.Debug|Any CPU.Build.0 = Debug|Any CPU
		{83F55F54-7253-4B4D-BC37-E9D1CB63E0B8}.Release|Any CPU.ActiveCfg = Release|Any CPU
		{83F55F54-7253-4B4D-BC37-E9D1CB63E0B8}.Release|Any CPU.Build.0 = Release|Any CPU
		{EBDD447B-01FA-4A29-B4AB-380EC4379B5F}.Debug|Any CPU.ActiveCfg = Debug|Any CPU
		{EBDD447B-01FA-4A29-B4AB-380EC4379B5F}.Debug|Any CPU.Build.0 = Debug|Any CPU
		{EBDD447B-01FA-4A29-B4AB-380EC4379B5F}.Release|Any CPU.ActiveCfg = Release|Any CPU
		{EBDD447B-01FA-4A29-B4AB-380EC4379B5F}.Release|Any CPU.Build.0 = Release|Any CPU
		{62D70576-FE3A-4530-B283-889C14B52E9E}.Debug|Any CPU.ActiveCfg = Debug|Any CPU
		{62D70576-FE3A-4530-B283-889C14B52E9E}.Debug|Any CPU.Build.0 = Debug|Any CPU
		{62D70576-FE3A-4530-B283-889C14B52E9E}.Release|Any CPU.ActiveCfg = Release|Any CPU
		{62D70576-FE3A-4530-B283-889C14B52E9E}.Release|Any CPU.Build.0 = Release|Any CPU
		{A64F274A-D5B7-45C2-92BA-4C9A64863DDC}.Debug|Any CPU.ActiveCfg = Debug|Any CPU
		{A64F274A-D5B7-45C2-92BA-4C9A64863DDC}.Debug|Any CPU.Build.0 = Debug|Any CPU
		{A64F274A-D5B7-45C2-92BA-4C9A64863DDC}.Release|Any CPU.ActiveCfg = Release|Any CPU
		{A64F274A-D5B7-45C2-92BA-4C9A64863DDC}.Release|Any CPU.Build.0 = Release|Any CPU
	EndGlobalSection
	GlobalSection(SolutionProperties) = preSolution
		HideSolutionNode = FALSE
	EndGlobalSection
EndGlobal
